
Microsoft Visual Studio Solution File, Format Version 12.00
# Visual Studio Version 16
VisualStudioVersion = 16.0.31911.196
MinimumVisualStudioVersion = 10.0.40219.1
Project("{9A19103F-16F7-4668-BE54-9A1E7A4F7556}") = "Vueling.API", "Vueling.API\Vueling.API.csproj", "{6B758C6C-B86A-49C3-BC99-647595AE857B}"
EndProject
Project("{9A19103F-16F7-4668-BE54-9A1E7A4F7556}") = "Vueling.Domain", "Vueling.Domain\Vueling.Domain.csproj", "{7C099A14-C99C-4D65-9E9E-B3DE1A94531B}"
EndProject
Project("{9A19103F-16F7-4668-BE54-9A1E7A4F7556}") = "Vueling.Test", "Vueling.Test\Vueling.Test.csproj", "{F390FCA3-D537-491B-BA03-A7C8A4655147}"
EndProject
Project("{E53339B2-1760-4266-BCC7-CA923CBCF16C}") = "docker-compose", "docker-compose.dcproj", "{A3314803-7E66-437B-A7B1-5AD9C572891B}"
EndProject
Project("{2150E333-8FDC-42A3-9474-1A3956D46DE8}") = "Solution Items", "Solution Items", "{2F469905-8FAF-4635-9AC0-4E6B53918FC0}"
	ProjectSection(SolutionItems) = preProject
		.gitignore = .gitignore
		DDD And steps for implemetation.doc = DDD And steps for implemetation.doc
		Instructions.md = Instructions.md
		README.md = README.md
		Vueling.mdf = Vueling.mdf
		Vueling_log.ldf = Vueling_log.ldf
	EndProjectSection
EndProject
Project("{9A19103F-16F7-4668-BE54-9A1E7A4F7556}") = "Vueling.Infrastructure", "Vueling.Infrastructure\Vueling.Infrastructure.csproj", "{BA11D84B-B450-49C3-831E-DBF5AD2C481E}"
EndProject
Global
	GlobalSection(SolutionConfigurationPlatforms) = preSolution
		Debug|Any CPU = Debug|Any CPU
		Release|Any CPU = Release|Any CPU
	EndGlobalSection
	GlobalSection(ProjectConfigurationPlatforms) = postSolution
		{6B758C6C-B86A-49C3-BC99-647595AE857B}.Debug|Any CPU.ActiveCfg = Debug|Any CPU
		{6B758C6C-B86A-49C3-BC99-647595AE857B}.Debug|Any CPU.Build.0 = Debug|Any CPU
		{6B758C6C-B86A-49C3-BC99-647595AE857B}.Release|Any CPU.ActiveCfg = Release|Any CPU
		{6B758C6C-B86A-49C3-BC99-647595AE857B}.Release|Any CPU.Build.0 = Release|Any CPU
		{7C099A14-C99C-4D65-9E9E-B3DE1A94531B}.Debug|Any CPU.ActiveCfg = Debug|Any CPU
		{7C099A14-C99C-4D65-9E9E-B3DE1A94531B}.Debug|Any CPU.Build.0 = Debug|Any CPU
		{7C099A14-C99C-4D65-9E9E-B3DE1A94531B}.Release|Any CPU.ActiveCfg = Release|Any CPU
		{7C099A14-C99C-4D65-9E9E-B3DE1A94531B}.Release|Any CPU.Build.0 = Release|Any CPU
		{F390FCA3-D537-491B-BA03-A7C8A4655147}.Debug|Any CPU.ActiveCfg = Debug|Any CPU
		{F390FCA3-D537-491B-BA03-A7C8A4655147}.Debug|Any CPU.Build.0 = Debug|Any CPU
		{F390FCA3-D537-491B-BA03-A7C8A4655147}.Release|Any CPU.ActiveCfg = Release|Any CPU
		{F390FCA3-D537-491B-BA03-A7C8A4655147}.Release|Any CPU.Build.0 = Release|Any CPU
		{A3314803-7E66-437B-A7B1-5AD9C572891B}.Debug|Any CPU.ActiveCfg = Debug|Any CPU
		{A3314803-7E66-437B-A7B1-5AD9C572891B}.Debug|Any CPU.Build.0 = Debug|Any CPU
		{A3314803-7E66-437B-A7B1-5AD9C572891B}.Release|Any CPU.ActiveCfg = Release|Any CPU
		{A3314803-7E66-437B-A7B1-5AD9C572891B}.Release|Any CPU.Build.0 = Release|Any CPU
		{BA11D84B-B450-49C3-831E-DBF5AD2C481E}.Debug|Any CPU.ActiveCfg = Debug|Any CPU
		{BA11D84B-B450-49C3-831E-DBF5AD2C481E}.Debug|Any CPU.Build.0 = Debug|Any CPU
		{BA11D84B-B450-49C3-831E-DBF5AD2C481E}.Release|Any CPU.ActiveCfg = Release|Any CPU
		{BA11D84B-B450-49C3-831E-DBF5AD2C481E}.Release|Any CPU.Build.0 = Release|Any CPU
	EndGlobalSection
	GlobalSection(SolutionProperties) = preSolution
		HideSolutionNode = FALSE
	EndGlobalSection
	GlobalSection(ExtensibilityGlobals) = postSolution
		SolutionGuid = {F4981CBA-340F-46D2-9273-0A648004B932}
	EndGlobalSection
EndGlobal
