
Microsoft Visual Studio Solution File, Format Version 12.00
# Visual Studio Version 16
VisualStudioVersion = 16.0.31911.196
MinimumVisualStudioVersion = 10.0.40219.1
Project("{E53339B2-1760-4266-BCC7-CA923CBCF16C}") = "docker-compose", "docker-compose.dcproj", "{A3314803-7E66-437B-A7B1-5AD9C572891B}"
EndProject
Project("{2150E333-8FDC-42A3-9474-1A3956D46DE8}") = "Solution Items", "Solution Items", "{2F469905-8FAF-4635-9AC0-4E6B53918FC0}"
	ProjectSection(SolutionItems) = preProject
		.gitignore = .gitignore
		DDD And steps for implemetation.doc = DDD And steps for implemetation.doc
		Instructions.md = Instructions.md
		README.md = README.md
		Vueling.mdf = Vueling.mdf
		Vueling_log.ldf = Vueling_log.ldf
	EndProjectSection
EndProject
Project("{9A19103F-16F7-4668-BE54-9A1E7A4F7556}") = "BusinessMan.API", "BusinessMan.API\BusinessMan.API.csproj", "{B3B18615-F105-4531-9933-FDC4CB55C0B4}"
EndProject
Project("{9A19103F-16F7-4668-BE54-9A1E7A4F7556}") = "BusinessMan.Domain", "BusinessMan.Domain\BusinessMan.Domain.csproj", "{9BFB3FC6-164F-409B-AD12-A6374B0816D6}"
EndProject
Project("{9A19103F-16F7-4668-BE54-9A1E7A4F7556}") = "BusinessMan.Infrastructure", "BusinessMan.Infrastructure\BusinessMan.Infrastructure.csproj", "{CBE845B9-6FE5-4FA9-90F9-8B16DED2C7F0}"
EndProject
Project("{9A19103F-16F7-4668-BE54-9A1E7A4F7556}") = "BusinessMan.Test", "BusinessMan.Test\BusinessMan.Test.csproj", "{F0590D72-8A8F-4E3B-AF12-74DE3B93408F}"
EndProject
Global
	GlobalSection(SolutionConfigurationPlatforms) = preSolution
		Debug|Any CPU = Debug|Any CPU
		Release|Any CPU = Release|Any CPU
	EndGlobalSection
	GlobalSection(ProjectConfigurationPlatforms) = postSolution
		{A3314803-7E66-437B-A7B1-5AD9C572891B}.Debug|Any CPU.ActiveCfg = Debug|Any CPU
		{A3314803-7E66-437B-A7B1-5AD9C572891B}.Debug|Any CPU.Build.0 = Debug|Any CPU
		{A3314803-7E66-437B-A7B1-5AD9C572891B}.Release|Any CPU.ActiveCfg = Release|Any CPU
		{A3314803-7E66-437B-A7B1-5AD9C572891B}.Release|Any CPU.Build.0 = Release|Any CPU
		{B3B18615-F105-4531-9933-FDC4CB55C0B4}.Debug|Any CPU.ActiveCfg = Debug|Any CPU
		{B3B18615-F105-4531-9933-FDC4CB55C0B4}.Debug|Any CPU.Build.0 = Debug|Any CPU
		{B3B18615-F105-4531-9933-FDC4CB55C0B4}.Release|Any CPU.ActiveCfg = Release|Any CPU
		{B3B18615-F105-4531-9933-FDC4CB55C0B4}.Release|Any CPU.Build.0 = Release|Any CPU
		{9BFB3FC6-164F-409B-AD12-A6374B0816D6}.Debug|Any CPU.ActiveCfg = Debug|Any CPU
		{9BFB3FC6-164F-409B-AD12-A6374B0816D6}.Debug|Any CPU.Build.0 = Debug|Any CPU
		{9BFB3FC6-164F-409B-AD12-A6374B0816D6}.Release|Any CPU.ActiveCfg = Release|Any CPU
		{9BFB3FC6-164F-409B-AD12-A6374B0816D6}.Release|Any CPU.Build.0 = Release|Any CPU
		{CBE845B9-6FE5-4FA9-90F9-8B16DED2C7F0}.Debug|Any CPU.ActiveCfg = Debug|Any CPU
		{CBE845B9-6FE5-4FA9-90F9-8B16DED2C7F0}.Debug|Any CPU.Build.0 = Debug|Any CPU
		{CBE845B9-6FE5-4FA9-90F9-8B16DED2C7F0}.Release|Any CPU.ActiveCfg = Release|Any CPU
		{CBE845B9-6FE5-4FA9-90F9-8B16DED2C7F0}.Release|Any CPU.Build.0 = Release|Any CPU
		{F0590D72-8A8F-4E3B-AF12-74DE3B93408F}.Debug|Any CPU.ActiveCfg = Debug|Any CPU
		{F0590D72-8A8F-4E3B-AF12-74DE3B93408F}.Debug|Any CPU.Build.0 = Debug|Any CPU
		{F0590D72-8A8F-4E3B-AF12-74DE3B93408F}.Release|Any CPU.ActiveCfg = Release|Any CPU
		{F0590D72-8A8F-4E3B-AF12-74DE3B93408F}.Release|Any CPU.Build.0 = Release|Any CPU
	EndGlobalSection
	GlobalSection(SolutionProperties) = preSolution
		HideSolutionNode = FALSE
	EndGlobalSection
	GlobalSection(ExtensibilityGlobals) = postSolution
		SolutionGuid = {F4981CBA-340F-46D2-9273-0A648004B932}
	EndGlobalSection
EndGlobal
